// !$*UTF8*$!
{
	archiveVersion = 1;
	classes = {
	};
	objectVersion = 46;
	objects = {

/* Begin PBXBuildFile section */
		C961EF8D1F77D49D009AD981 /* main.cpp in Sources */ = {isa = PBXBuildFile; fileRef = C961EF8C1F77D49D009AD981 /* main.cpp */; };
		C961EF961F77D508009AD981 /* SkipList.cpp in Sources */ = {isa = PBXBuildFile; fileRef = C961EF941F77D508009AD981 /* SkipList.cpp */; };
/* End PBXBuildFile section */

/* Begin PBXCopyFilesBuildPhase section */
		C961EF871F77D49D009AD981 /* CopyFiles */ = {
			isa = PBXCopyFilesBuildPhase;
			buildActionMask = 2147483647;
			dstPath = /usr/share/man/man1/;
			dstSubfolderSpec = 0;
			files = (
			);
			runOnlyForDeploymentPostprocessing = 1;
		};
/* End PBXCopyFilesBuildPhase section */

/* Begin PBXFileReference section */
		C961EF891F77D49D009AD981 /* leveldb */ = {isa = PBXFileReference; explicitFileType = "compiled.mach-o.executable"; includeInIndex = 0; path = leveldb; sourceTree = BUILT_PRODUCTS_DIR; };
		C961EF8C1F77D49D009AD981 /* main.cpp */ = {isa = PBXFileReference; lastKnownFileType = sourcecode.cpp.cpp; path = main.cpp; sourceTree = "<group>"; };
		C961EF941F77D508009AD981 /* SkipList.cpp */ = {isa = PBXFileReference; fileEncoding = 4; lastKnownFileType = sourcecode.cpp.cpp; name = SkipList.cpp; path = utils/SkipList.cpp; sourceTree = "<group>"; };
		C961EF951F77D508009AD981 /* SkipList.hpp */ = {isa = PBXFileReference; fileEncoding = 4; lastKnownFileType = sourcecode.cpp.h; name = SkipList.hpp; path = utils/SkipList.hpp; sourceTree = "<group>"; };
/* End PBXFileReference section */

/* Begin PBXFrameworksBuildPhase section */
		C961EF861F77D49D009AD981 /* Frameworks */ = {
			isa = PBXFrameworksBuildPhase;
			buildActionMask = 2147483647;
			files = (
			);
			runOnlyForDeploymentPostprocessing = 0;
		};
/* End PBXFrameworksBuildPhase section */

/* Begin PBXGroup section */
		C961EF801F77D49D009AD981 = {
			isa = PBXGroup;
			children = (
				C961EF8B1F77D49D009AD981 /* leveldb */,
				C961EF8A1F77D49D009AD981 /* Products */,
			);
			sourceTree = "<group>";
		};
		C961EF8A1F77D49D009AD981 /* Products */ = {
			isa = PBXGroup;
			children = (
				C961EF891F77D49D009AD981 /* leveldb */,
			);
			name = Products;
			sourceTree = "<group>";
		};
		C961EF8B1F77D49D009AD981 /* leveldb */ = {
			isa = PBXGroup;
			children = (
				C961EF931F77D4C2009AD981 /* utils */,
				C961EF8C1F77D49D009AD981 /* main.cpp */,
			);
			path = leveldb;
			sourceTree = "<group>";
		};
		C961EF931F77D4C2009AD981 /* utils */ = {
			isa = PBXGroup;
			children = (
				C961EF941F77D508009AD981 /* SkipList.cpp */,
				C961EF951F77D508009AD981 /* SkipList.hpp */,
			);
			name = utils;
			sourceTree = "<group>";
		};
/* End PBXGroup section */

/* Begin PBXNativeTarget section */
		C961EF881F77D49D009AD981 /* leveldb */ = {
			isa = PBXNativeTarget;
			buildConfigurationList = C961EF901F77D49D009AD981 /* Build configuration list for PBXNativeTarget "leveldb" */;
			buildPhases = (
				C961EF851F77D49D009AD981 /* Sources */,
				C961EF861F77D49D009AD981 /* Frameworks */,
				C961EF871F77D49D009AD981 /* CopyFiles */,
			);
			buildRules = (
			);
			dependencies = (
			);
			name = leveldb;
			productName = leveldb;
			productReference = C961EF891F77D49D009AD981 /* leveldb */;
			productType = "com.apple.product-type.tool";
		};
/* End PBXNativeTarget section */

/* Begin PBXProject section */
		C961EF811F77D49D009AD981 /* Project object */ = {
			isa = PBXProject;
			attributes = {
				LastUpgradeCheck = 0830;
				ORGANIZATIONNAME = "Pumpkin Lee";
				TargetAttributes = {
					C961EF881F77D49D009AD981 = {
						CreatedOnToolsVersion = 8.3.3;
						DevelopmentTeam = L2BT252BF2;
						ProvisioningStyle = Automatic;
					};
				};
			};
			buildConfigurationList = C961EF841F77D49D009AD981 /* Build configuration list for PBXProject "leveldb" */;
			compatibilityVersion = "Xcode 3.2";
			developmentRegion = English;
			hasScannedForEncodings = 0;
			knownRegions = (
				en,
			);
			mainGroup = C961EF801F77D49D009AD981;
			productRefGroup = C961EF8A1F77D49D009AD981 /* Products */;
			projectDirPath = "";
			projectRoot = "";
			targets = (
				C961EF881F77D49D009AD981 /* leveldb */,
			);
		};
/* End PBXProject section */

/* Begin PBXSourcesBuildPhase section */
		C961EF851F77D49D009AD981 /* Sources */ = {
			isa = PBXSourcesBuildPhase;
			buildActionMask = 2147483647;
			files = (
				C961EF961F77D508009AD981 /* SkipList.cpp in Sources */,
				C961EF8D1F77D49D009AD981 /* main.cpp in Sources */,
			);
			runOnlyForDeploymentPostprocessing = 0;
		};
/* End PBXSourcesBuildPhase section */

/* Begin XCBuildConfiguration section */
		C961EF8E1F77D49D009AD981 /* Debug */ = {
			isa = XCBuildConfiguration;
			buildSettings = {
				ALWAYS_SEARCH_USER_PATHS = NO;
				CLANG_ANALYZER_NONNULL = YES;
				CLANG_ANALYZER_NUMBER_OBJECT_CONVERSION = YES_AGGRESSIVE;
				CLANG_CXX_LANGUAGE_STANDARD = "gnu++0x";
				CLANG_CXX_LIBRARY = "libc++";
				CLANG_ENABLE_MODULES = YES;
				CLANG_ENABLE_OBJC_ARC = YES;
				CLANG_WARN_BOOL_CONVERSION = YES;
				CLANG_WARN_CONSTANT_CONVERSION = YES;
				CLANG_WARN_DIRECT_OBJC_ISA_USAGE = YES_ERROR;
				CLANG_WARN_DOCUMENTATION_COMMENTS = YES;
				CLANG_WARN_EMPTY_BODY = YES;
				CLANG_WARN_ENUM_CONVERSION = YES;
				CLANG_WARN_INFINITE_RECURSION = YES;
				CLANG_WARN_INT_CONVERSION = YES;
				CLANG_WARN_OBJC_ROOT_CLASS = YES_ERROR;
				CLANG_WARN_SUSPICIOUS_MOVE = YES;
				CLANG_WARN_UNREACHABLE_CODE = YES;
				CLANG_WARN__DUPLICATE_METHOD_MATCH = YES;
				CODE_SIGN_IDENTITY = "-";
				COPY_PHASE_STRIP = NO;
				DEBUG_INFORMATION_FORMAT = dwarf;
				ENABLE_STRICT_OBJC_MSGSEND = YES;
				ENABLE_TESTABILITY = YES;
				GCC_C_LANGUAGE_STANDARD = gnu99;
				GCC_DYNAMIC_NO_PIC = NO;
				GCC_NO_COMMON_BLOCKS = YES;
				GCC_OPTIMIZATION_LEVEL = 0;
				GCC_PREPROCESSOR_DEFINITIONS = (
					"DEBUG=1",
					"$(inherited)",
				);
				GCC_WARN_64_TO_32_BIT_CONVERSION = YES;
				GCC_WARN_ABOUT_RETURN_TYPE = YES_ERROR;
				GCC_WARN_UNDECLARED_SELECTOR = YES;
				GCC_WARN_UNINITIALIZED_AUTOS = YES_AGGRESSIVE;
				GCC_WARN_UNUSED_FUNCTION = YES;
				GCC_WARN_UNUSED_VARIABLE = YES;
				MACOSX_DEPLOYMENT_TARGET = 10.12;
				MTL_ENABLE_DEBUG_INFO = YES;
				ONLY_ACTIVE_ARCH = YES;
				SDKROOT = macosx;
			};
			name = Debug;
		};
		C961EF8F1F77D49D009AD981 /* Release */ = {
			isa = XCBuildConfiguration;
			buildSettings = {
				ALWAYS_SEARCH_USER_PATHS = NO;
				CLANG_ANALYZER_NONNULL = YES;
				CLANG_ANALYZER_NUMBER_OBJECT_CONVERSION = YES_AGGRESSIVE;
				CLANG_CXX_LANGUAGE_STANDARD = "gnu++0x";
				CLANG_CXX_LIBRARY = "libc++";
				CLANG_ENABLE_MODULES = YES;
				CLANG_ENABLE_OBJC_ARC = YES;
				CLANG_WARN_BOOL_CONVERSION = YES;
				CLANG_WARN_CONSTANT_CONVERSION = YES;
				CLANG_WARN_DIRECT_OBJC_ISA_USAGE = YES_ERROR;
				CLANG_WARN_DOCUMENTATION_COMMENTS = YES;
				CLANG_WARN_EMPTY_BODY = YES;
				CLANG_WARN_ENUM_CONVERSION = YES;
				CLANG_WARN_INFINITE_RECURSION = YES;
				CLANG_WARN_INT_CONVERSION = YES;
				CLANG_WARN_OBJC_ROOT_CLASS = YES_ERROR;
				CLANG_WARN_SUSPICIOUS_MOVE = YES;
				CLANG_WARN_UNREACHABLE_CODE = YES;
				CLANG_WARN__DUPLICATE_METHOD_MATCH = YES;
				CODE_SIGN_IDENTITY = "-";
				COPY_PHASE_STRIP = NO;
				DEBUG_INFORMATION_FORMAT = "dwarf-with-dsym";
				ENABLE_NS_ASSERTIONS = NO;
				ENABLE_STRICT_OBJC_MSGSEND = YES;
				GCC_C_LANGUAGE_STANDARD = gnu99;
				GCC_NO_COMMON_BLOCKS = YES;
				GCC_WARN_64_TO_32_BIT_CONVERSION = YES;
				GCC_WARN_ABOUT_RETURN_TYPE = YES_ERROR;
				GCC_WARN_UNDECLARED_SELECTOR = YES;
				GCC_WARN_UNINITIALIZED_AUTOS = YES_AGGRESSIVE;
				GCC_WARN_UNUSED_FUNCTION = YES;
				GCC_WARN_UNUSED_VARIABLE = YES;
				MACOSX_DEPLOYMENT_TARGET = 10.12;
				MTL_ENABLE_DEBUG_INFO = NO;
				SDKROOT = macosx;
			};
			name = Release;
		};
		C961EF911F77D49D009AD981 /* Debug */ = {
			isa = XCBuildConfiguration;
			buildSettings = {
				CLANG_CXX_LANGUAGE_STANDARD = "gnu++14";
				DEVELOPMENT_TEAM = L2BT252BF2;
				PRODUCT_NAME = "$(TARGET_NAME)";
			};
			name = Debug;
		};
		C961EF921F77D49D009AD981 /* Release */ = {
			isa = XCBuildConfiguration;
			buildSettings = {
				CLANG_CXX_LANGUAGE_STANDARD = "gnu++14";
				DEVELOPMENT_TEAM = L2BT252BF2;
				PRODUCT_NAME = "$(TARGET_NAME)";
			};
			name = Release;
		};
/* End XCBuildConfiguration section */

/* Begin XCConfigurationList section */
		C961EF841F77D49D009AD981 /* Build configuration list for PBXProject "leveldb" */ = {
			isa = XCConfigurationList;
			buildConfigurations = (
				C961EF8E1F77D49D009AD981 /* Debug */,
				C961EF8F1F77D49D009AD981 /* Release */,
			);
			defaultConfigurationIsVisible = 0;
			defaultConfigurationName = Release;
		};
		C961EF901F77D49D009AD981 /* Build configuration list for PBXNativeTarget "leveldb" */ = {
			isa = XCConfigurationList;
			buildConfigurations = (
				C961EF911F77D49D009AD981 /* Debug */,
				C961EF921F77D49D009AD981 /* Release */,
			);
			defaultConfigurationIsVisible = 0;
		};
/* End XCConfigurationList section */
	};
	rootObject = C961EF811F77D49D009AD981 /* Project object */;
}
